
Microsoft Visual Studio Solution File, Format Version 12.00
# Visual Studio Version 17
VisualStudioVersion = 17.9.34607.119
MinimumVisualStudioVersion = 10.0.40219.1
Project("{FAE04EC0-301F-11D3-BF4B-00C04F79EFBC}") = "fabric method 1607", "fabric method 1607.csproj", "{3B66B142-0EC4-4383-A504-0CA3788370EE}"
EndProject
Global
	GlobalSection(SolutionConfigurationPlatforms) = preSolution
		Debug|Any CPU = Debug|Any CPU
		Release|Any CPU = Release|Any CPU
	EndGlobalSection
	GlobalSection(ProjectConfigurationPlatforms) = postSolution
		{3B66B142-0EC4-4383-A504-0CA3788370EE}.Debug|Any CPU.ActiveCfg = Debug|Any CPU
		{3B66B142-0EC4-4383-A504-0CA3788370EE}.Debug|Any CPU.Build.0 = Debug|Any CPU
		{3B66B142-0EC4-4383-A504-0CA3788370EE}.Release|Any CPU.ActiveCfg = Release|Any CPU
		{3B66B142-0EC4-4383-A504-0CA3788370EE}.Release|Any CPU.Build.0 = Release|Any CPU
	EndGlobalSection
	GlobalSection(SolutionProperties) = preSolution
		HideSolutionNode = FALSE
	EndGlobalSection
	GlobalSection(ExtensibilityGlobals) = postSolution
		SolutionGuid = {2A161912-56AA-4394-B194-7E45E9E31BF2}
	EndGlobalSection
EndGlobal
